
Microsoft Visual Studio Solution File, Format Version 12.00
# Visual Studio Version 17
VisualStudioVersion = 17.9.34728.123
MinimumVisualStudioVersion = 10.0.40219.1
Project("{FAE04EC0-301F-11D3-BF4B-00C04F79EFBC}") = "ServUOControlUI", "ServUOControlUI\ServUOControlUI.csproj", "{6DB99D38-DA15-4C9F-B87F-28EBFF6B4560}"
EndProject
Global
	GlobalSection(SolutionConfigurationPlatforms) = preSolution
		Debug|Any CPU = Debug|Any CPU
		Release|Any CPU = Release|Any CPU
	EndGlobalSection
	GlobalSection(ProjectConfigurationPlatforms) = postSolution
		{6DB99D38-DA15-4C9F-B87F-28EBFF6B4560}.Debug|Any CPU.ActiveCfg = Debug|Any CPU
		{6DB99D38-DA15-4C9F-B87F-28EBFF6B4560}.Debug|Any CPU.Build.0 = Debug|Any CPU
		{6DB99D38-DA15-4C9F-B87F-28EBFF6B4560}.Release|Any CPU.ActiveCfg = Release|Any CPU
		{6DB99D38-DA15-4C9F-B87F-28EBFF6B4560}.Release|Any CPU.Build.0 = Release|Any CPU
	EndGlobalSection
	GlobalSection(SolutionProperties) = preSolution
		HideSolutionNode = FALSE
	EndGlobalSection
	GlobalSection(ExtensibilityGlobals) = postSolution
		SolutionGuid = {7AA97D13-8850-4E8B-A7A9-86D27BB8CA9A}
	EndGlobalSection
EndGlobal
